// !$*UTF8*$!
{
	archiveVersion = 1;
	classes = {
	};
	objectVersion = 46;
	objects = {

/* Begin PBXBuildFile section */
		008DB48E17C6833C00630031 /* ButtonCell.m in Sources */ = {isa = PBXBuildFile; fileRef = 008DB48D17C6833C00630031 /* ButtonCell.m */; };
		008DB4DE17C6855A00630031 /* BMColors.m in Sources */ = {isa = PBXBuildFile; fileRef = 008DB49317C6855A00630031 /* BMColors.m */; };
		008DB4DF17C6855A00630031 /* BMDebugUtilities.m in Sources */ = {isa = PBXBuildFile; fileRef = 008DB49617C6855A00630031 /* BMDebugUtilities.m */; };
		008DB4E017C6855A00630031 /* BMDispatch.m in Sources */ = {isa = PBXBuildFile; fileRef = 008DB49917C6855A00630031 /* BMDispatch.m */; };
		008DB4E117C6855A00630031 /* BMLaunchArguments.m in Sources */ = {isa = PBXBuildFile; fileRef = 008DB49E17C6855A00630031 /* BMLaunchArguments.m */; };
		008DB4E217C6855A00630031 /* BMLog.m in Sources */ = {isa = PBXBuildFile; fileRef = 008DB4A117C6855A00630031 /* BMLog.m */; };
		008DB4E317C6855A00630031 /* BMMath.m in Sources */ = {isa = PBXBuildFile; fileRef = 008DB4A417C6855A00630031 /* BMMath.m */; };
		008DB4E417C6855A00630031 /* BMNSBundleUtilities.m in Sources */ = {isa = PBXBuildFile; fileRef = 008DB4A717C6855A00630031 /* BMNSBundleUtilities.m */; };
		008DB4E517C6855A00630031 /* BMSelectorButton.m in Sources */ = {isa = PBXBuildFile; fileRef = 008DB4AA17C6855A00630031 /* BMSelectorButton.m */; };
		008DB4E617C6855A00630031 /* BMTextOffsetTextField.m in Sources */ = {isa = PBXBuildFile; fileRef = 008DB4AD17C6855A00630031 /* BMTextOffsetTextField.m */; };
		008DB4E717C6855A00630031 /* NSDate+Utilities.m in Sources */ = {isa = PBXBuildFile; fileRef = 008DB4B317C6855A00630031 /* NSDate+Utilities.m */; };
		008DB4E817C6855A00630031 /* NSDateFormatter+Utilities.m in Sources */ = {isa = PBXBuildFile; fileRef = 008DB4B617C6855A00630031 /* NSDateFormatter+Utilities.m */; };
		008DB4E917C6855A00630031 /* NSJSONSerialization+Utilities.m in Sources */ = {isa = PBXBuildFile; fileRef = 008DB4B917C6855A00630031 /* NSJSONSerialization+Utilities.m */; };
		008DB4EA17C6855A00630031 /* NSMutableArray+Utilities.m in Sources */ = {isa = PBXBuildFile; fileRef = 008DB4BC17C6855A00630031 /* NSMutableArray+Utilities.m */; };
		008DB4EB17C6855A00630031 /* NSString+URLEncoding.m in Sources */ = {isa = PBXBuildFile; fileRef = 008DB4BF17C6855A00630031 /* NSString+URLEncoding.m */; };
		008DB4EC17C6855A00630031 /* NSString+Utilities.m in Sources */ = {isa = PBXBuildFile; fileRef = 008DB4C217C6855A00630031 /* NSString+Utilities.m */; };
		008DB4ED17C6855A00630031 /* UIAlertView+Convenience.m in Sources */ = {isa = PBXBuildFile; fileRef = 008DB4C517C6855A00630031 /* UIAlertView+Convenience.m */; };
		008DB4EE17C6855A00630031 /* UIImageView+Utilities.m in Sources */ = {isa = PBXBuildFile; fileRef = 008DB4C817C6855A00630031 /* UIImageView+Utilities.m */; };
		008DB4EF17C6855A00630031 /* UINavigationController+Utilities.m in Sources */ = {isa = PBXBuildFile; fileRef = 008DB4CB17C6855A00630031 /* UINavigationController+Utilities.m */; };
		008DB4F017C6855A00630031 /* UITableView+Utilities.m in Sources */ = {isa = PBXBuildFile; fileRef = 008DB4CE17C6855A00630031 /* UITableView+Utilities.m */; };
		008DB4F117C6855A00630031 /* UIView+AutoLayout.m in Sources */ = {isa = PBXBuildFile; fileRef = 008DB4D117C6855A00630031 /* UIView+AutoLayout.m */; };
		008DB4F217C6855A00630031 /* UIView+FrameManipulations.m in Sources */ = {isa = PBXBuildFile; fileRef = 008DB4D417C6855A00630031 /* UIView+FrameManipulations.m */; };
		008DB4F317C6855A00630031 /* UIView+Utilities.m in Sources */ = {isa = PBXBuildFile; fileRef = 008DB4D717C6855A00630031 /* UIView+Utilities.m */; };
		008DB4F417C6855A00630031 /* UIViewController+Utilities.m in Sources */ = {isa = PBXBuildFile; fileRef = 008DB4DA17C6855A00630031 /* UIViewController+Utilities.m */; };
		008DB4F517C6855A00630031 /* VTPG_Common.m in Sources */ = {isa = PBXBuildFile; fileRef = 008DB4DD17C6855A00630031 /* VTPG_Common.m */; };
		008DB4F817C6A75D00630031 /* BMTableViewCell.m in Sources */ = {isa = PBXBuildFile; fileRef = 008DB4F717C6A75D00630031 /* BMTableViewCell.m */; };
		009155E417BF0E64005B4FA3 /* UIKit.framework in Frameworks */ = {isa = PBXBuildFile; fileRef = 009155E317BF0E64005B4FA3 /* UIKit.framework */; };
		009155E617BF0E64005B4FA3 /* Foundation.framework in Frameworks */ = {isa = PBXBuildFile; fileRef = 009155E517BF0E64005B4FA3 /* Foundation.framework */; };
		009155E817BF0E64005B4FA3 /* CoreGraphics.framework in Frameworks */ = {isa = PBXBuildFile; fileRef = 009155E717BF0E64005B4FA3 /* CoreGraphics.framework */; };
		009155EE17BF0E64005B4FA3 /* InfoPlist.strings in Resources */ = {isa = PBXBuildFile; fileRef = 009155EC17BF0E64005B4FA3 /* InfoPlist.strings */; };
		009155F017BF0E64005B4FA3 /* main.m in Sources */ = {isa = PBXBuildFile; fileRef = 009155EF17BF0E64005B4FA3 /* main.m */; };
		009155F417BF0E64005B4FA3 /* AppDelegate.m in Sources */ = {isa = PBXBuildFile; fileRef = 009155F317BF0E64005B4FA3 /* AppDelegate.m */; };
		009155F617BF0E64005B4FA3 /* Default.png in Resources */ = {isa = PBXBuildFile; fileRef = 009155F517BF0E64005B4FA3 /* Default.png */; };
		009155F817BF0E64005B4FA3 /* Default@2x.png in Resources */ = {isa = PBXBuildFile; fileRef = 009155F717BF0E64005B4FA3 /* Default@2x.png */; };
		009155FA17BF0E64005B4FA3 /* Default-568h@2x.png in Resources */ = {isa = PBXBuildFile; fileRef = 009155F917BF0E64005B4FA3 /* Default-568h@2x.png */; };
		0091560217BF0E64005B4FA3 /* SenTestingKit.framework in Frameworks */ = {isa = PBXBuildFile; fileRef = 0091560117BF0E64005B4FA3 /* SenTestingKit.framework */; };
		0091560317BF0E64005B4FA3 /* UIKit.framework in Frameworks */ = {isa = PBXBuildFile; fileRef = 009155E317BF0E64005B4FA3 /* UIKit.framework */; };
		0091560417BF0E64005B4FA3 /* Foundation.framework in Frameworks */ = {isa = PBXBuildFile; fileRef = 009155E517BF0E64005B4FA3 /* Foundation.framework */; };
		0091560C17BF0E64005B4FA3 /* InfoPlist.strings in Resources */ = {isa = PBXBuildFile; fileRef = 0091560A17BF0E64005B4FA3 /* InfoPlist.strings */; };
		0091560F17BF0E64005B4FA3 /* BMTableViewTests.m in Sources */ = {isa = PBXBuildFile; fileRef = 0091560E17BF0E64005B4FA3 /* BMTableViewTests.m */; };
		0091561A17BF0F16005B4FA3 /* TableViewVC.m in Sources */ = {isa = PBXBuildFile; fileRef = 0091561917BF0F16005B4FA3 /* TableViewVC.m */; };
		0091561F17BF10F6005B4FA3 /* BMTableView.m in Sources */ = {isa = PBXBuildFile; fileRef = 0091561E17BF10F6005B4FA3 /* BMTableView.m */; };
		0091562417BF14F0005B4FA3 /* CFNetwork.framework in Frameworks */ = {isa = PBXBuildFile; fileRef = 0091562317BF14F0005B4FA3 /* CFNetwork.framework */; };
		0091562617BF14F6005B4FA3 /* QuartzCore.framework in Frameworks */ = {isa = PBXBuildFile; fileRef = 0091562517BF14F6005B4FA3 /* QuartzCore.framework */; };
		0091562817BF1FF0005B4FA3 /* Pods.xcconfig in Resources */ = {isa = PBXBuildFile; fileRef = 0091562717BF1FF0005B4FA3 /* Pods.xcconfig */; };
		00D8B5CD17D63467004AC29C /* Reveal.framework in Frameworks */ = {isa = PBXBuildFile; fileRef = 00D8B5CC17D63467004AC29C /* Reveal.framework */; };
		D902ADBB33B54DF59DAC9E1C /* libPods.a in Frameworks */ = {isa = PBXBuildFile; fileRef = E709CC7C0F254E2885C5EA9A /* libPods.a */; };
/* End PBXBuildFile section */

/* Begin PBXContainerItemProxy section */
		0091560517BF0E64005B4FA3 /* PBXContainerItemProxy */ = {
			isa = PBXContainerItemProxy;
			containerPortal = 009155D817BF0E64005B4FA3 /* Project object */;
			proxyType = 1;
			remoteGlobalIDString = 009155DF17BF0E64005B4FA3;
			remoteInfo = BMTableView;
		};
/* End PBXContainerItemProxy section */

/* Begin PBXFileReference section */
		008DB48C17C6833C00630031 /* ButtonCell.h */ = {isa = PBXFileReference; fileEncoding = 4; lastKnownFileType = sourcecode.c.h; path = ButtonCell.h; sourceTree = "<group>"; };
		008DB48D17C6833C00630031 /* ButtonCell.m */ = {isa = PBXFileReference; fileEncoding = 4; lastKnownFileType = sourcecode.c.objc; path = ButtonCell.m; sourceTree = "<group>"; };
		008DB49217C6855A00630031 /* BMColors.h */ = {isa = PBXFileReference; fileEncoding = 4; lastKnownFileType = sourcecode.c.h; path = BMColors.h; sourceTree = "<group>"; };
		008DB49317C6855A00630031 /* BMColors.m */ = {isa = PBXFileReference; fileEncoding = 4; lastKnownFileType = sourcecode.c.objc; path = BMColors.m; sourceTree = "<group>"; };
		008DB49517C6855A00630031 /* BMDebugUtilities.h */ = {isa = PBXFileReference; fileEncoding = 4; lastKnownFileType = sourcecode.c.h; path = BMDebugUtilities.h; sourceTree = "<group>"; };
		008DB49617C6855A00630031 /* BMDebugUtilities.m */ = {isa = PBXFileReference; fileEncoding = 4; lastKnownFileType = sourcecode.c.objc; path = BMDebugUtilities.m; sourceTree = "<group>"; };
		008DB49817C6855A00630031 /* BMDispatch.h */ = {isa = PBXFileReference; fileEncoding = 4; lastKnownFileType = sourcecode.c.h; path = BMDispatch.h; sourceTree = "<group>"; };
		008DB49917C6855A00630031 /* BMDispatch.m */ = {isa = PBXFileReference; fileEncoding = 4; lastKnownFileType = sourcecode.c.objc; path = BMDispatch.m; sourceTree = "<group>"; };
		008DB49B17C6855A00630031 /* BMInitMacros.h */ = {isa = PBXFileReference; fileEncoding = 4; lastKnownFileType = sourcecode.c.h; path = BMInitMacros.h; sourceTree = "<group>"; };
		008DB49D17C6855A00630031 /* BMLaunchArguments.h */ = {isa = PBXFileReference; fileEncoding = 4; lastKnownFileType = sourcecode.c.h; path = BMLaunchArguments.h; sourceTree = "<group>"; };
		008DB49E17C6855A00630031 /* BMLaunchArguments.m */ = {isa = PBXFileReference; fileEncoding = 4; lastKnownFileType = sourcecode.c.objc; path = BMLaunchArguments.m; sourceTree = "<group>"; };
		008DB4A017C6855A00630031 /* BMLog.h */ = {isa = PBXFileReference; fileEncoding = 4; lastKnownFileType = sourcecode.c.h; path = BMLog.h; sourceTree = "<group>"; };
		008DB4A117C6855A00630031 /* BMLog.m */ = {isa = PBXFileReference; fileEncoding = 4; lastKnownFileType = sourcecode.c.objc; path = BMLog.m; sourceTree = "<group>"; };
		008DB4A317C6855A00630031 /* BMMath.h */ = {isa = PBXFileReference; fileEncoding = 4; lastKnownFileType = sourcecode.c.h; path = BMMath.h; sourceTree = "<group>"; };
		008DB4A417C6855A00630031 /* BMMath.m */ = {isa = PBXFileReference; fileEncoding = 4; lastKnownFileType = sourcecode.c.objc; path = BMMath.m; sourceTree = "<group>"; };
		008DB4A617C6855A00630031 /* BMNSBundleUtilities.h */ = {isa = PBXFileReference; fileEncoding = 4; lastKnownFileType = sourcecode.c.h; path = BMNSBundleUtilities.h; sourceTree = "<group>"; };
		008DB4A717C6855A00630031 /* BMNSBundleUtilities.m */ = {isa = PBXFileReference; fileEncoding = 4; lastKnownFileType = sourcecode.c.objc; path = BMNSBundleUtilities.m; sourceTree = "<group>"; };
		008DB4A917C6855A00630031 /* BMSelectorButton.h */ = {isa = PBXFileReference; fileEncoding = 4; lastKnownFileType = sourcecode.c.h; path = BMSelectorButton.h; sourceTree = "<group>"; };
		008DB4AA17C6855A00630031 /* BMSelectorButton.m */ = {isa = PBXFileReference; fileEncoding = 4; lastKnownFileType = sourcecode.c.objc; path = BMSelectorButton.m; sourceTree = "<group>"; };
		008DB4AC17C6855A00630031 /* BMTextOffsetTextField.h */ = {isa = PBXFileReference; fileEncoding = 4; lastKnownFileType = sourcecode.c.h; path = BMTextOffsetTextField.h; sourceTree = "<group>"; };
		008DB4AD17C6855A00630031 /* BMTextOffsetTextField.m */ = {isa = PBXFileReference; fileEncoding = 4; lastKnownFileType = sourcecode.c.objc; path = BMTextOffsetTextField.m; sourceTree = "<group>"; };
		008DB4AE17C6855A00630031 /* BMUtilityPack.h */ = {isa = PBXFileReference; fileEncoding = 4; lastKnownFileType = sourcecode.c.h; path = BMUtilityPack.h; sourceTree = "<group>"; };
		008DB4B017C6855A00630031 /* ConvenienceMacros.h */ = {isa = PBXFileReference; fileEncoding = 4; lastKnownFileType = sourcecode.c.h; path = ConvenienceMacros.h; sourceTree = "<group>"; };
		008DB4B217C6855A00630031 /* NSDate+Utilities.h */ = {isa = PBXFileReference; fileEncoding = 4; lastKnownFileType = sourcecode.c.h; path = "NSDate+Utilities.h"; sourceTree = "<group>"; };
		008DB4B317C6855A00630031 /* NSDate+Utilities.m */ = {isa = PBXFileReference; fileEncoding = 4; lastKnownFileType = sourcecode.c.objc; path = "NSDate+Utilities.m"; sourceTree = "<group>"; };
		008DB4B517C6855A00630031 /* NSDateFormatter+Utilities.h */ = {isa = PBXFileReference; fileEncoding = 4; lastKnownFileType = sourcecode.c.h; path = "NSDateFormatter+Utilities.h"; sourceTree = "<group>"; };
		008DB4B617C6855A00630031 /* NSDateFormatter+Utilities.m */ = {isa = PBXFileReference; fileEncoding = 4; lastKnownFileType = sourcecode.c.objc; path = "NSDateFormatter+Utilities.m"; sourceTree = "<group>"; };
		008DB4B817C6855A00630031 /* NSJSONSerialization+Utilities.h */ = {isa = PBXFileReference; fileEncoding = 4; lastKnownFileType = sourcecode.c.h; path = "NSJSONSerialization+Utilities.h"; sourceTree = "<group>"; };
		008DB4B917C6855A00630031 /* NSJSONSerialization+Utilities.m */ = {isa = PBXFileReference; fileEncoding = 4; lastKnownFileType = sourcecode.c.objc; path = "NSJSONSerialization+Utilities.m"; sourceTree = "<group>"; };
		008DB4BB17C6855A00630031 /* NSMutableArray+Utilities.h */ = {isa = PBXFileReference; fileEncoding = 4; lastKnownFileType = sourcecode.c.h; path = "NSMutableArray+Utilities.h"; sourceTree = "<group>"; };
		008DB4BC17C6855A00630031 /* NSMutableArray+Utilities.m */ = {isa = PBXFileReference; fileEncoding = 4; lastKnownFileType = sourcecode.c.objc; path = "NSMutableArray+Utilities.m"; sourceTree = "<group>"; };
		008DB4BE17C6855A00630031 /* NSString+URLEncoding.h */ = {isa = PBXFileReference; fileEncoding = 4; lastKnownFileType = sourcecode.c.h; path = "NSString+URLEncoding.h"; sourceTree = "<group>"; };
		008DB4BF17C6855A00630031 /* NSString+URLEncoding.m */ = {isa = PBXFileReference; fileEncoding = 4; lastKnownFileType = sourcecode.c.objc; path = "NSString+URLEncoding.m"; sourceTree = "<group>"; };
		008DB4C117C6855A00630031 /* NSString+Utilities.h */ = {isa = PBXFileReference; fileEncoding = 4; lastKnownFileType = sourcecode.c.h; path = "NSString+Utilities.h"; sourceTree = "<group>"; };
		008DB4C217C6855A00630031 /* NSString+Utilities.m */ = {isa = PBXFileReference; fileEncoding = 4; lastKnownFileType = sourcecode.c.objc; path = "NSString+Utilities.m"; sourceTree = "<group>"; };
		008DB4C417C6855A00630031 /* UIAlertView+Convenience.h */ = {isa = PBXFileReference; fileEncoding = 4; lastKnownFileType = sourcecode.c.h; path = "UIAlertView+Convenience.h"; sourceTree = "<group>"; };
		008DB4C517C6855A00630031 /* UIAlertView+Convenience.m */ = {isa = PBXFileReference; fileEncoding = 4; lastKnownFileType = sourcecode.c.objc; path = "UIAlertView+Convenience.m"; sourceTree = "<group>"; };
		008DB4C717C6855A00630031 /* UIImageView+Utilities.h */ = {isa = PBXFileReference; fileEncoding = 4; lastKnownFileType = sourcecode.c.h; path = "UIImageView+Utilities.h"; sourceTree = "<group>"; };
		008DB4C817C6855A00630031 /* UIImageView+Utilities.m */ = {isa = PBXFileReference; fileEncoding = 4; lastKnownFileType = sourcecode.c.objc; path = "UIImageView+Utilities.m"; sourceTree = "<group>"; };
		008DB4CA17C6855A00630031 /* UINavigationController+Utilities.h */ = {isa = PBXFileReference; fileEncoding = 4; lastKnownFileType = sourcecode.c.h; path = "UINavigationController+Utilities.h"; sourceTree = "<group>"; };
		008DB4CB17C6855A00630031 /* UINavigationController+Utilities.m */ = {isa = PBXFileReference; fileEncoding = 4; lastKnownFileType = sourcecode.c.objc; path = "UINavigationController+Utilities.m"; sourceTree = "<group>"; };
		008DB4CD17C6855A00630031 /* UITableView+Utilities.h */ = {isa = PBXFileReference; fileEncoding = 4; lastKnownFileType = sourcecode.c.h; path = "UITableView+Utilities.h"; sourceTree = "<group>"; };
		008DB4CE17C6855A00630031 /* UITableView+Utilities.m */ = {isa = PBXFileReference; fileEncoding = 4; lastKnownFileType = sourcecode.c.objc; path = "UITableView+Utilities.m"; sourceTree = "<group>"; };
		008DB4D017C6855A00630031 /* UIView+AutoLayout.h */ = {isa = PBXFileReference; fileEncoding = 4; lastKnownFileType = sourcecode.c.h; path = "UIView+AutoLayout.h"; sourceTree = "<group>"; };
		008DB4D117C6855A00630031 /* UIView+AutoLayout.m */ = {isa = PBXFileReference; fileEncoding = 4; lastKnownFileType = sourcecode.c.objc; path = "UIView+AutoLayout.m"; sourceTree = "<group>"; };
		008DB4D317C6855A00630031 /* UIView+FrameManipulations.h */ = {isa = PBXFileReference; fileEncoding = 4; lastKnownFileType = sourcecode.c.h; path = "UIView+FrameManipulations.h"; sourceTree = "<group>"; };
		008DB4D417C6855A00630031 /* UIView+FrameManipulations.m */ = {isa = PBXFileReference; fileEncoding = 4; lastKnownFileType = sourcecode.c.objc; path = "UIView+FrameManipulations.m"; sourceTree = "<group>"; };
		008DB4D617C6855A00630031 /* UIView+Utilities.h */ = {isa = PBXFileReference; fileEncoding = 4; lastKnownFileType = sourcecode.c.h; path = "UIView+Utilities.h"; sourceTree = "<group>"; };
		008DB4D717C6855A00630031 /* UIView+Utilities.m */ = {isa = PBXFileReference; fileEncoding = 4; lastKnownFileType = sourcecode.c.objc; path = "UIView+Utilities.m"; sourceTree = "<group>"; };
		008DB4D917C6855A00630031 /* UIViewController+Utilities.h */ = {isa = PBXFileReference; fileEncoding = 4; lastKnownFileType = sourcecode.c.h; path = "UIViewController+Utilities.h"; sourceTree = "<group>"; };
		008DB4DA17C6855A00630031 /* UIViewController+Utilities.m */ = {isa = PBXFileReference; fileEncoding = 4; lastKnownFileType = sourcecode.c.objc; path = "UIViewController+Utilities.m"; sourceTree = "<group>"; };
		008DB4DC17C6855A00630031 /* VTPG_Common.h */ = {isa = PBXFileReference; fileEncoding = 4; lastKnownFileType = sourcecode.c.h; path = VTPG_Common.h; sourceTree = "<group>"; };
		008DB4DD17C6855A00630031 /* VTPG_Common.m */ = {isa = PBXFileReference; fileEncoding = 4; lastKnownFileType = sourcecode.c.objc; path = VTPG_Common.m; sourceTree = "<group>"; };
		008DB4F617C6A75D00630031 /* BMTableViewCell.h */ = {isa = PBXFileReference; fileEncoding = 4; lastKnownFileType = sourcecode.c.h; name = BMTableViewCell.h; path = BMTableView/BMTableViewCell.h; sourceTree = "<group>"; };
		008DB4F717C6A75D00630031 /* BMTableViewCell.m */ = {isa = PBXFileReference; fileEncoding = 4; lastKnownFileType = sourcecode.c.objc; name = BMTableViewCell.m; path = BMTableView/BMTableViewCell.m; sourceTree = "<group>"; };
		009155E017BF0E64005B4FA3 /* BMTableView.app */ = {isa = PBXFileReference; explicitFileType = wrapper.application; includeInIndex = 0; path = BMTableView.app; sourceTree = BUILT_PRODUCTS_DIR; };
		009155E317BF0E64005B4FA3 /* UIKit.framework */ = {isa = PBXFileReference; lastKnownFileType = wrapper.framework; name = UIKit.framework; path = System/Library/Frameworks/UIKit.framework; sourceTree = SDKROOT; };
		009155E517BF0E64005B4FA3 /* Foundation.framework */ = {isa = PBXFileReference; lastKnownFileType = wrapper.framework; name = Foundation.framework; path = System/Library/Frameworks/Foundation.framework; sourceTree = SDKROOT; };
		009155E717BF0E64005B4FA3 /* CoreGraphics.framework */ = {isa = PBXFileReference; lastKnownFileType = wrapper.framework; name = CoreGraphics.framework; path = System/Library/Frameworks/CoreGraphics.framework; sourceTree = SDKROOT; };
		009155EB17BF0E64005B4FA3 /* BMTableView-Info.plist */ = {isa = PBXFileReference; lastKnownFileType = text.plist.xml; path = "BMTableView-Info.plist"; sourceTree = "<group>"; };
		009155ED17BF0E64005B4FA3 /* en */ = {isa = PBXFileReference; lastKnownFileType = text.plist.strings; name = en; path = en.lproj/InfoPlist.strings; sourceTree = "<group>"; };
		009155EF17BF0E64005B4FA3 /* main.m */ = {isa = PBXFileReference; lastKnownFileType = sourcecode.c.objc; path = main.m; sourceTree = "<group>"; };
		009155F117BF0E64005B4FA3 /* BMTableView-Prefix.pch */ = {isa = PBXFileReference; lastKnownFileType = sourcecode.c.h; path = "BMTableView-Prefix.pch"; sourceTree = "<group>"; };
		009155F217BF0E64005B4FA3 /* AppDelegate.h */ = {isa = PBXFileReference; lastKnownFileType = sourcecode.c.h; path = AppDelegate.h; sourceTree = "<group>"; };
		009155F317BF0E64005B4FA3 /* AppDelegate.m */ = {isa = PBXFileReference; lastKnownFileType = sourcecode.c.objc; path = AppDelegate.m; sourceTree = "<group>"; };
		009155F517BF0E64005B4FA3 /* Default.png */ = {isa = PBXFileReference; lastKnownFileType = image.png; path = Default.png; sourceTree = "<group>"; };
		009155F717BF0E64005B4FA3 /* Default@2x.png */ = {isa = PBXFileReference; lastKnownFileType = image.png; path = "Default@2x.png"; sourceTree = "<group>"; };
		009155F917BF0E64005B4FA3 /* Default-568h@2x.png */ = {isa = PBXFileReference; lastKnownFileType = image.png; path = "Default-568h@2x.png"; sourceTree = "<group>"; };
		0091560017BF0E64005B4FA3 /* BMTableViewTests.octest */ = {isa = PBXFileReference; explicitFileType = wrapper.cfbundle; includeInIndex = 0; path = BMTableViewTests.octest; sourceTree = BUILT_PRODUCTS_DIR; };
		0091560117BF0E64005B4FA3 /* SenTestingKit.framework */ = {isa = PBXFileReference; lastKnownFileType = wrapper.framework; name = SenTestingKit.framework; path = Library/Frameworks/SenTestingKit.framework; sourceTree = DEVELOPER_DIR; };
		0091560917BF0E64005B4FA3 /* BMTableViewTests-Info.plist */ = {isa = PBXFileReference; lastKnownFileType = text.plist.xml; path = "BMTableViewTests-Info.plist"; sourceTree = "<group>"; };
		0091560B17BF0E64005B4FA3 /* en */ = {isa = PBXFileReference; lastKnownFileType = text.plist.strings; name = en; path = en.lproj/InfoPlist.strings; sourceTree = "<group>"; };
		0091560D17BF0E64005B4FA3 /* BMTableViewTests.h */ = {isa = PBXFileReference; lastKnownFileType = sourcecode.c.h; path = BMTableViewTests.h; sourceTree = "<group>"; };
		0091560E17BF0E64005B4FA3 /* BMTableViewTests.m */ = {isa = PBXFileReference; lastKnownFileType = sourcecode.c.objc; path = BMTableViewTests.m; sourceTree = "<group>"; };
		0091561817BF0F16005B4FA3 /* TableViewVC.h */ = {isa = PBXFileReference; fileEncoding = 4; lastKnownFileType = sourcecode.c.h; path = TableViewVC.h; sourceTree = "<group>"; };
		0091561917BF0F16005B4FA3 /* TableViewVC.m */ = {isa = PBXFileReference; fileEncoding = 4; lastKnownFileType = sourcecode.c.objc; path = TableViewVC.m; sourceTree = "<group>"; };
		0091561D17BF10F6005B4FA3 /* BMTableView.h */ = {isa = PBXFileReference; fileEncoding = 4; lastKnownFileType = sourcecode.c.h; name = BMTableView.h; path = BMTableView/BMTableView.h; sourceTree = "<group>"; };
		0091561E17BF10F6005B4FA3 /* BMTableView.m */ = {isa = PBXFileReference; fileEncoding = 4; lastKnownFileType = sourcecode.c.objc; name = BMTableView.m; path = BMTableView/BMTableView.m; sourceTree = "<group>"; };
		0091562317BF14F0005B4FA3 /* CFNetwork.framework */ = {isa = PBXFileReference; lastKnownFileType = wrapper.framework; name = CFNetwork.framework; path = System/Library/Frameworks/CFNetwork.framework; sourceTree = SDKROOT; };
		0091562517BF14F6005B4FA3 /* QuartzCore.framework */ = {isa = PBXFileReference; lastKnownFileType = wrapper.framework; name = QuartzCore.framework; path = System/Library/Frameworks/QuartzCore.framework; sourceTree = SDKROOT; };
		0091562717BF1FF0005B4FA3 /* Pods.xcconfig */ = {isa = PBXFileReference; fileEncoding = 4; lastKnownFileType = text.xcconfig; name = Pods.xcconfig; path = CocoaPods/Pods/Pods.xcconfig; sourceTree = "<group>"; };
		00D8B5CC17D63467004AC29C /* Reveal.framework */ = {isa = PBXFileReference; lastKnownFileType = wrapper.framework; path = Reveal.framework; sourceTree = "<group>"; };
		E709CC7C0F254E2885C5EA9A /* libPods.a */ = {isa = PBXFileReference; explicitFileType = archive.ar; includeInIndex = 0; path = libPods.a; sourceTree = BUILT_PRODUCTS_DIR; };
/* End PBXFileReference section */

/* Begin PBXFrameworksBuildPhase section */
		009155DD17BF0E64005B4FA3 /* Frameworks */ = {
			isa = PBXFrameworksBuildPhase;
			buildActionMask = 2147483647;
			files = (
				0091562617BF14F6005B4FA3 /* QuartzCore.framework in Frameworks */,
				0091562417BF14F0005B4FA3 /* CFNetwork.framework in Frameworks */,
				009155E417BF0E64005B4FA3 /* UIKit.framework in Frameworks */,
				009155E617BF0E64005B4FA3 /* Foundation.framework in Frameworks */,
				009155E817BF0E64005B4FA3 /* CoreGraphics.framework in Frameworks */,
				D902ADBB33B54DF59DAC9E1C /* libPods.a in Frameworks */,
				00D8B5CD17D63467004AC29C /* Reveal.framework in Frameworks */,
			);
			runOnlyForDeploymentPostprocessing = 0;
		};
		009155FC17BF0E64005B4FA3 /* Frameworks */ = {
			isa = PBXFrameworksBuildPhase;
			buildActionMask = 2147483647;
			files = (
				0091560217BF0E64005B4FA3 /* SenTestingKit.framework in Frameworks */,
				0091560317BF0E64005B4FA3 /* UIKit.framework in Frameworks */,
				0091560417BF0E64005B4FA3 /* Foundation.framework in Frameworks */,
			);
			runOnlyForDeploymentPostprocessing = 0;
		};
/* End PBXFrameworksBuildPhase section */

/* Begin PBXGroup section */
		008DB48F17C6854A00630031 /* Submodules */ = {
			isa = PBXGroup;
			children = (
				008DB49017C6855A00630031 /* BMUtilityPack */,
			);
			name = Submodules;
			path = BMTableView;
			sourceTree = "<group>";
		};
		008DB49017C6855A00630031 /* BMUtilityPack */ = {
			isa = PBXGroup;
			children = (
				008DB49117C6855A00630031 /* BMColors */,
				008DB49417C6855A00630031 /* BMDebugUtilities */,
				008DB49717C6855A00630031 /* BMDispatch */,
				008DB49A17C6855A00630031 /* BMInitMacros */,
				008DB49C17C6855A00630031 /* BMLaunchArguments */,
				008DB49F17C6855A00630031 /* BMLog */,
				008DB4A217C6855A00630031 /* BMMath */,
				008DB4A517C6855A00630031 /* BMNSBundleUtilities */,
				008DB4A817C6855A00630031 /* BMSelectorButton */,
				008DB4AB17C6855A00630031 /* BMTextOffsetTextField */,
				008DB4AE17C6855A00630031 /* BMUtilityPack.h */,
				008DB4AF17C6855A00630031 /* ConvenienceMacros */,
				008DB4B117C6855A00630031 /* NSDate+Utilities */,
				008DB4B417C6855A00630031 /* NSDateFormatter+Utilities */,
				008DB4B717C6855A00630031 /* NSJSONSerialization+Utilities */,
				008DB4BA17C6855A00630031 /* NSMutableArray+Utilities */,
				008DB4BD17C6855A00630031 /* NSString+URLEncoding */,
				008DB4C017C6855A00630031 /* NSString+Utilities */,
				008DB4C317C6855A00630031 /* UIAlertView+Convenience */,
				008DB4C617C6855A00630031 /* UIImageView+Utilities */,
				008DB4C917C6855A00630031 /* UINavigationController+Utilities */,
				008DB4CC17C6855A00630031 /* UITableView+Utilities */,
				008DB4CF17C6855A00630031 /* UIView+AutoLayout */,
				008DB4D217C6855A00630031 /* UIView+FrameManipulations */,
				008DB4D517C6855A00630031 /* UIView+Utilities */,
				008DB4D817C6855A00630031 /* UIViewController+Utilities */,
				008DB4DB17C6855A00630031 /* VTPG_Common */,
			);
			name = BMUtilityPack;
			path = Submodules/BMUtilityPack/BMUtilityPack/BMUtilityPack;
			sourceTree = SOURCE_ROOT;
		};
		008DB49117C6855A00630031 /* BMColors */ = {
			isa = PBXGroup;
			children = (
				008DB49217C6855A00630031 /* BMColors.h */,
				008DB49317C6855A00630031 /* BMColors.m */,
			);
			path = BMColors;
			sourceTree = "<group>";
		};
		008DB49417C6855A00630031 /* BMDebugUtilities */ = {
			isa = PBXGroup;
			children = (
				008DB49517C6855A00630031 /* BMDebugUtilities.h */,
				008DB49617C6855A00630031 /* BMDebugUtilities.m */,
			);
			path = BMDebugUtilities;
			sourceTree = "<group>";
		};
		008DB49717C6855A00630031 /* BMDispatch */ = {
			isa = PBXGroup;
			children = (
				008DB49817C6855A00630031 /* BMDispatch.h */,
				008DB49917C6855A00630031 /* BMDispatch.m */,
			);
			path = BMDispatch;
			sourceTree = "<group>";
		};
		008DB49A17C6855A00630031 /* BMInitMacros */ = {
			isa = PBXGroup;
			children = (
				008DB49B17C6855A00630031 /* BMInitMacros.h */,
			);
			path = BMInitMacros;
			sourceTree = "<group>";
		};
		008DB49C17C6855A00630031 /* BMLaunchArguments */ = {
			isa = PBXGroup;
			children = (
				008DB49D17C6855A00630031 /* BMLaunchArguments.h */,
				008DB49E17C6855A00630031 /* BMLaunchArguments.m */,
			);
			path = BMLaunchArguments;
			sourceTree = "<group>";
		};
		008DB49F17C6855A00630031 /* BMLog */ = {
			isa = PBXGroup;
			children = (
				008DB4A017C6855A00630031 /* BMLog.h */,
				008DB4A117C6855A00630031 /* BMLog.m */,
			);
			path = BMLog;
			sourceTree = "<group>";
		};
		008DB4A217C6855A00630031 /* BMMath */ = {
			isa = PBXGroup;
			children = (
				008DB4A317C6855A00630031 /* BMMath.h */,
				008DB4A417C6855A00630031 /* BMMath.m */,
			);
			path = BMMath;
			sourceTree = "<group>";
		};
		008DB4A517C6855A00630031 /* BMNSBundleUtilities */ = {
			isa = PBXGroup;
			children = (
				008DB4A617C6855A00630031 /* BMNSBundleUtilities.h */,
				008DB4A717C6855A00630031 /* BMNSBundleUtilities.m */,
			);
			path = BMNSBundleUtilities;
			sourceTree = "<group>";
		};
		008DB4A817C6855A00630031 /* BMSelectorButton */ = {
			isa = PBXGroup;
			children = (
				008DB4A917C6855A00630031 /* BMSelectorButton.h */,
				008DB4AA17C6855A00630031 /* BMSelectorButton.m */,
			);
			path = BMSelectorButton;
			sourceTree = "<group>";
		};
		008DB4AB17C6855A00630031 /* BMTextOffsetTextField */ = {
			isa = PBXGroup;
			children = (
				008DB4AC17C6855A00630031 /* BMTextOffsetTextField.h */,
				008DB4AD17C6855A00630031 /* BMTextOffsetTextField.m */,
			);
			path = BMTextOffsetTextField;
			sourceTree = "<group>";
		};
		008DB4AF17C6855A00630031 /* ConvenienceMacros */ = {
			isa = PBXGroup;
			children = (
				008DB4B017C6855A00630031 /* ConvenienceMacros.h */,
			);
			path = ConvenienceMacros;
			sourceTree = "<group>";
		};
		008DB4B117C6855A00630031 /* NSDate+Utilities */ = {
			isa = PBXGroup;
			children = (
				008DB4B217C6855A00630031 /* NSDate+Utilities.h */,
				008DB4B317C6855A00630031 /* NSDate+Utilities.m */,
			);
			path = "NSDate+Utilities";
			sourceTree = "<group>";
		};
		008DB4B417C6855A00630031 /* NSDateFormatter+Utilities */ = {
			isa = PBXGroup;
			children = (
				008DB4B517C6855A00630031 /* NSDateFormatter+Utilities.h */,
				008DB4B617C6855A00630031 /* NSDateFormatter+Utilities.m */,
			);
			path = "NSDateFormatter+Utilities";
			sourceTree = "<group>";
		};
		008DB4B717C6855A00630031 /* NSJSONSerialization+Utilities */ = {
			isa = PBXGroup;
			children = (
				008DB4B817C6855A00630031 /* NSJSONSerialization+Utilities.h */,
				008DB4B917C6855A00630031 /* NSJSONSerialization+Utilities.m */,
			);
			path = "NSJSONSerialization+Utilities";
			sourceTree = "<group>";
		};
		008DB4BA17C6855A00630031 /* NSMutableArray+Utilities */ = {
			isa = PBXGroup;
			children = (
				008DB4BB17C6855A00630031 /* NSMutableArray+Utilities.h */,
				008DB4BC17C6855A00630031 /* NSMutableArray+Utilities.m */,
			);
			path = "NSMutableArray+Utilities";
			sourceTree = "<group>";
		};
		008DB4BD17C6855A00630031 /* NSString+URLEncoding */ = {
			isa = PBXGroup;
			children = (
				008DB4BE17C6855A00630031 /* NSString+URLEncoding.h */,
				008DB4BF17C6855A00630031 /* NSString+URLEncoding.m */,
			);
			path = "NSString+URLEncoding";
			sourceTree = "<group>";
		};
		008DB4C017C6855A00630031 /* NSString+Utilities */ = {
			isa = PBXGroup;
			children = (
				008DB4C117C6855A00630031 /* NSString+Utilities.h */,
				008DB4C217C6855A00630031 /* NSString+Utilities.m */,
			);
			path = "NSString+Utilities";
			sourceTree = "<group>";
		};
		008DB4C317C6855A00630031 /* UIAlertView+Convenience */ = {
			isa = PBXGroup;
			children = (
				008DB4C417C6855A00630031 /* UIAlertView+Convenience.h */,
				008DB4C517C6855A00630031 /* UIAlertView+Convenience.m */,
			);
			path = "UIAlertView+Convenience";
			sourceTree = "<group>";
		};
		008DB4C617C6855A00630031 /* UIImageView+Utilities */ = {
			isa = PBXGroup;
			children = (
				008DB4C717C6855A00630031 /* UIImageView+Utilities.h */,
				008DB4C817C6855A00630031 /* UIImageView+Utilities.m */,
			);
			path = "UIImageView+Utilities";
			sourceTree = "<group>";
		};
		008DB4C917C6855A00630031 /* UINavigationController+Utilities */ = {
			isa = PBXGroup;
			children = (
				008DB4CA17C6855A00630031 /* UINavigationController+Utilities.h */,
				008DB4CB17C6855A00630031 /* UINavigationController+Utilities.m */,
			);
			path = "UINavigationController+Utilities";
			sourceTree = "<group>";
		};
		008DB4CC17C6855A00630031 /* UITableView+Utilities */ = {
			isa = PBXGroup;
			children = (
				008DB4CD17C6855A00630031 /* UITableView+Utilities.h */,
				008DB4CE17C6855A00630031 /* UITableView+Utilities.m */,
			);
			path = "UITableView+Utilities";
			sourceTree = "<group>";
		};
		008DB4CF17C6855A00630031 /* UIView+AutoLayout */ = {
			isa = PBXGroup;
			children = (
				008DB4D017C6855A00630031 /* UIView+AutoLayout.h */,
				008DB4D117C6855A00630031 /* UIView+AutoLayout.m */,
			);
			path = "UIView+AutoLayout";
			sourceTree = "<group>";
		};
		008DB4D217C6855A00630031 /* UIView+FrameManipulations */ = {
			isa = PBXGroup;
			children = (
				008DB4D317C6855A00630031 /* UIView+FrameManipulations.h */,
				008DB4D417C6855A00630031 /* UIView+FrameManipulations.m */,
			);
			path = "UIView+FrameManipulations";
			sourceTree = "<group>";
		};
		008DB4D517C6855A00630031 /* UIView+Utilities */ = {
			isa = PBXGroup;
			children = (
				008DB4D617C6855A00630031 /* UIView+Utilities.h */,
				008DB4D717C6855A00630031 /* UIView+Utilities.m */,
			);
			path = "UIView+Utilities";
			sourceTree = "<group>";
		};
		008DB4D817C6855A00630031 /* UIViewController+Utilities */ = {
			isa = PBXGroup;
			children = (
				008DB4D917C6855A00630031 /* UIViewController+Utilities.h */,
				008DB4DA17C6855A00630031 /* UIViewController+Utilities.m */,
			);
			path = "UIViewController+Utilities";
			sourceTree = "<group>";
		};
		008DB4DB17C6855A00630031 /* VTPG_Common */ = {
			isa = PBXGroup;
			children = (
				008DB4DC17C6855A00630031 /* VTPG_Common.h */,
				008DB4DD17C6855A00630031 /* VTPG_Common.m */,
			);
			path = VTPG_Common;
			sourceTree = "<group>";
		};
		009155D717BF0E64005B4FA3 = {
			isa = PBXGroup;
			children = (
				009155E917BF0E64005B4FA3 /* BMTableView */,
				008DB48F17C6854A00630031 /* Submodules */,
				009155EA17BF0E64005B4FA3 /* Supporting Files */,
				0091560717BF0E64005B4FA3 /* BMTableViewTests */,
				009155E217BF0E64005B4FA3 /* Frameworks */,
				009155E117BF0E64005B4FA3 /* Products */,
				0091562717BF1FF0005B4FA3 /* Pods.xcconfig */,
			);
			sourceTree = "<group>";
		};
		009155E117BF0E64005B4FA3 /* Products */ = {
			isa = PBXGroup;
			children = (
				009155E017BF0E64005B4FA3 /* BMTableView.app */,
				0091560017BF0E64005B4FA3 /* BMTableViewTests.octest */,
			);
			name = Products;
			sourceTree = "<group>";
		};
		009155E217BF0E64005B4FA3 /* Frameworks */ = {
			isa = PBXGroup;
			children = (
				00D8B5CC17D63467004AC29C /* Reveal.framework */,
				0091562517BF14F6005B4FA3 /* QuartzCore.framework */,
				0091562317BF14F0005B4FA3 /* CFNetwork.framework */,
				009155E317BF0E64005B4FA3 /* UIKit.framework */,
				009155E517BF0E64005B4FA3 /* Foundation.framework */,
				009155E717BF0E64005B4FA3 /* CoreGraphics.framework */,
				0091560117BF0E64005B4FA3 /* SenTestingKit.framework */,
				E709CC7C0F254E2885C5EA9A /* libPods.a */,
			);
			name = Frameworks;
			sourceTree = "<group>";
		};
		009155E917BF0E64005B4FA3 /* BMTableView */ = {
			isa = PBXGroup;
			children = (
				0091561C17BF1036005B4FA3 /* AppDelegate */,
				0091561B17BF102D005B4FA3 /* TableViewVC */,
				0091562017BF12BC005B4FA3 /* BMTableView */,
			);
			path = BMTableView;
			sourceTree = "<group>";
		};
		009155EA17BF0E64005B4FA3 /* Supporting Files */ = {
			isa = PBXGroup;
			children = (
				009155EB17BF0E64005B4FA3 /* BMTableView-Info.plist */,
				009155EC17BF0E64005B4FA3 /* InfoPlist.strings */,
				009155EF17BF0E64005B4FA3 /* main.m */,
				009155F117BF0E64005B4FA3 /* BMTableView-Prefix.pch */,
				009155F517BF0E64005B4FA3 /* Default.png */,
				009155F717BF0E64005B4FA3 /* Default@2x.png */,
				009155F917BF0E64005B4FA3 /* Default-568h@2x.png */,
			);
			name = "Supporting Files";
			path = BMTableView;
			sourceTree = "<group>";
		};
		0091560717BF0E64005B4FA3 /* BMTableViewTests */ = {
			isa = PBXGroup;
			children = (
				0091560D17BF0E64005B4FA3 /* BMTableViewTests.h */,
				0091560E17BF0E64005B4FA3 /* BMTableViewTests.m */,
				0091560817BF0E64005B4FA3 /* Supporting Files */,
			);
			path = BMTableViewTests;
			sourceTree = "<group>";
		};
		0091560817BF0E64005B4FA3 /* Supporting Files */ = {
			isa = PBXGroup;
			children = (
				0091560917BF0E64005B4FA3 /* BMTableViewTests-Info.plist */,
				0091560A17BF0E64005B4FA3 /* InfoPlist.strings */,
			);
			name = "Supporting Files";
			sourceTree = "<group>";
		};
		0091561B17BF102D005B4FA3 /* TableViewVC */ = {
			isa = PBXGroup;
			children = (
				0091561817BF0F16005B4FA3 /* TableViewVC.h */,
				0091561917BF0F16005B4FA3 /* TableViewVC.m */,
				008DB48C17C6833C00630031 /* ButtonCell.h */,
				008DB48D17C6833C00630031 /* ButtonCell.m */,
			);
			name = TableViewVC;
			sourceTree = "<group>";
		};
		0091561C17BF1036005B4FA3 /* AppDelegate */ = {
			isa = PBXGroup;
			children = (
				009155F217BF0E64005B4FA3 /* AppDelegate.h */,
				009155F317BF0E64005B4FA3 /* AppDelegate.m */,
			);
			name = AppDelegate;
			sourceTree = "<group>";
		};
		0091562017BF12BC005B4FA3 /* BMTableView */ = {
			isa = PBXGroup;
			children = (
				008DB4F617C6A75D00630031 /* BMTableViewCell.h */,
				008DB4F717C6A75D00630031 /* BMTableViewCell.m */,
				0091561D17BF10F6005B4FA3 /* BMTableView.h */,
				0091561E17BF10F6005B4FA3 /* BMTableView.m */,
			);
			name = BMTableView;
			sourceTree = "<group>";
		};
/* End PBXGroup section */

/* Begin PBXNativeTarget section */
		009155DF17BF0E64005B4FA3 /* BMTableView */ = {
			isa = PBXNativeTarget;
			buildConfigurationList = 0091561217BF0E64005B4FA3 /* Build configuration list for PBXNativeTarget "BMTableView" */;
			buildPhases = (
				E827083B73894440ACC38E3A /* Check Pods Manifest.lock */,
				009155DC17BF0E64005B4FA3 /* Sources */,
				009155DD17BF0E64005B4FA3 /* Frameworks */,
				009155DE17BF0E64005B4FA3 /* Resources */,
			);
			buildRules = (
			);
			dependencies = (
			);
			name = BMTableView;
			productName = BMTableView;
			productReference = 009155E017BF0E64005B4FA3 /* BMTableView.app */;
			productType = "com.apple.product-type.application";
		};
		009155FF17BF0E64005B4FA3 /* BMTableViewTests */ = {
			isa = PBXNativeTarget;
			buildConfigurationList = 0091561517BF0E64005B4FA3 /* Build configuration list for PBXNativeTarget "BMTableViewTests" */;
			buildPhases = (
				009155FB17BF0E64005B4FA3 /* Sources */,
				009155FC17BF0E64005B4FA3 /* Frameworks */,
				009155FD17BF0E64005B4FA3 /* Resources */,
				009155FE17BF0E64005B4FA3 /* ShellScript */,
			);
			buildRules = (
			);
			dependencies = (
				0091560617BF0E64005B4FA3 /* PBXTargetDependency */,
			);
			name = BMTableViewTests;
			productName = BMTableViewTests;
			productReference = 0091560017BF0E64005B4FA3 /* BMTableViewTests.octest */;
			productType = "com.apple.product-type.bundle";
		};
/* End PBXNativeTarget section */

/* Begin PBXProject section */
		009155D817BF0E64005B4FA3 /* Project object */ = {
			isa = PBXProject;
			attributes = {
				LastUpgradeCheck = 0460;
				ORGANIZATIONNAME = bearMountain;
			};
			buildConfigurationList = 009155DB17BF0E64005B4FA3 /* Build configuration list for PBXProject "BMTableView" */;
			compatibilityVersion = "Xcode 3.2";
			developmentRegion = English;
			hasScannedForEncodings = 0;
			knownRegions = (
				en,
			);
			mainGroup = 009155D717BF0E64005B4FA3;
			productRefGroup = 009155E117BF0E64005B4FA3 /* Products */;
			projectDirPath = "";
			projectRoot = "";
			targets = (
				009155DF17BF0E64005B4FA3 /* BMTableView */,
				009155FF17BF0E64005B4FA3 /* BMTableViewTests */,
			);
		};
/* End PBXProject section */

/* Begin PBXResourcesBuildPhase section */
		009155DE17BF0E64005B4FA3 /* Resources */ = {
			isa = PBXResourcesBuildPhase;
			buildActionMask = 2147483647;
			files = (
				009155EE17BF0E64005B4FA3 /* InfoPlist.strings in Resources */,
				009155F617BF0E64005B4FA3 /* Default.png in Resources */,
				009155F817BF0E64005B4FA3 /* Default@2x.png in Resources */,
				009155FA17BF0E64005B4FA3 /* Default-568h@2x.png in Resources */,
				0091562817BF1FF0005B4FA3 /* Pods.xcconfig in Resources */,
			);
			runOnlyForDeploymentPostprocessing = 0;
		};
		009155FD17BF0E64005B4FA3 /* Resources */ = {
			isa = PBXResourcesBuildPhase;
			buildActionMask = 2147483647;
			files = (
				0091560C17BF0E64005B4FA3 /* InfoPlist.strings in Resources */,
			);
			runOnlyForDeploymentPostprocessing = 0;
		};
/* End PBXResourcesBuildPhase section */

/* Begin PBXShellScriptBuildPhase section */
		009155FE17BF0E64005B4FA3 /* ShellScript */ = {
			isa = PBXShellScriptBuildPhase;
			buildActionMask = 2147483647;
			files = (
			);
			inputPaths = (
			);
			outputPaths = (
			);
			runOnlyForDeploymentPostprocessing = 0;
			shellPath = /bin/sh;
			shellScript = "# Run the unit tests in this test bundle.\n\"${SYSTEM_DEVELOPER_DIR}/Tools/RunUnitTests\"\n";
		};
		E827083B73894440ACC38E3A /* Check Pods Manifest.lock */ = {
			isa = PBXShellScriptBuildPhase;
			buildActionMask = 2147483647;
			files = (
			);
			inputPaths = (
			);
			name = "Check Pods Manifest.lock";
			outputPaths = (
			);
			runOnlyForDeploymentPostprocessing = 0;
			shellPath = /bin/sh;
			shellScript = "diff \"${PODS_ROOT}/../Podfile.lock\" \"${PODS_ROOT}/Manifest.lock\" > /dev/null\nif [[ $? != 0 ]] ; then\n    cat << EOM\nerror: The sandbox is not in sync with the Podfile.lock. Run 'pod install' or update your CocoaPods installation.\nEOM\n    exit 1\nfi\n";
			showEnvVarsInLog = 0;
		};
/* End PBXShellScriptBuildPhase section */

/* Begin PBXSourcesBuildPhase section */
		009155DC17BF0E64005B4FA3 /* Sources */ = {
			isa = PBXSourcesBuildPhase;
			buildActionMask = 2147483647;
			files = (
				009155F017BF0E64005B4FA3 /* main.m in Sources */,
				009155F417BF0E64005B4FA3 /* AppDelegate.m in Sources */,
				0091561A17BF0F16005B4FA3 /* TableViewVC.m in Sources */,
				0091561F17BF10F6005B4FA3 /* BMTableView.m in Sources */,
				008DB48E17C6833C00630031 /* ButtonCell.m in Sources */,
				008DB4DE17C6855A00630031 /* BMColors.m in Sources */,
				008DB4DF17C6855A00630031 /* BMDebugUtilities.m in Sources */,
				008DB4E017C6855A00630031 /* BMDispatch.m in Sources */,
				008DB4E117C6855A00630031 /* BMLaunchArguments.m in Sources */,
				008DB4E217C6855A00630031 /* BMLog.m in Sources */,
				008DB4E317C6855A00630031 /* BMMath.m in Sources */,
				008DB4E417C6855A00630031 /* BMNSBundleUtilities.m in Sources */,
				008DB4E517C6855A00630031 /* BMSelectorButton.m in Sources */,
				008DB4E617C6855A00630031 /* BMTextOffsetTextField.m in Sources */,
				008DB4E717C6855A00630031 /* NSDate+Utilities.m in Sources */,
				008DB4E817C6855A00630031 /* NSDateFormatter+Utilities.m in Sources */,
				008DB4E917C6855A00630031 /* NSJSONSerialization+Utilities.m in Sources */,
				008DB4EA17C6855A00630031 /* NSMutableArray+Utilities.m in Sources */,
				008DB4EB17C6855A00630031 /* NSString+URLEncoding.m in Sources */,
				008DB4EC17C6855A00630031 /* NSString+Utilities.m in Sources */,
				008DB4ED17C6855A00630031 /* UIAlertView+Convenience.m in Sources */,
				008DB4EE17C6855A00630031 /* UIImageView+Utilities.m in Sources */,
				008DB4EF17C6855A00630031 /* UINavigationController+Utilities.m in Sources */,
				008DB4F017C6855A00630031 /* UITableView+Utilities.m in Sources */,
				008DB4F117C6855A00630031 /* UIView+AutoLayout.m in Sources */,
				008DB4F217C6855A00630031 /* UIView+FrameManipulations.m in Sources */,
				008DB4F317C6855A00630031 /* UIView+Utilities.m in Sources */,
				008DB4F417C6855A00630031 /* UIViewController+Utilities.m in Sources */,
				008DB4F517C6855A00630031 /* VTPG_Common.m in Sources */,
				008DB4F817C6A75D00630031 /* BMTableViewCell.m in Sources */,
			);
			runOnlyForDeploymentPostprocessing = 0;
		};
		009155FB17BF0E64005B4FA3 /* Sources */ = {
			isa = PBXSourcesBuildPhase;
			buildActionMask = 2147483647;
			files = (
				0091560F17BF0E64005B4FA3 /* BMTableViewTests.m in Sources */,
			);
			runOnlyForDeploymentPostprocessing = 0;
		};
/* End PBXSourcesBuildPhase section */

/* Begin PBXTargetDependency section */
		0091560617BF0E64005B4FA3 /* PBXTargetDependency */ = {
			isa = PBXTargetDependency;
			target = 009155DF17BF0E64005B4FA3 /* BMTableView */;
			targetProxy = 0091560517BF0E64005B4FA3 /* PBXContainerItemProxy */;
		};
/* End PBXTargetDependency section */

/* Begin PBXVariantGroup section */
		009155EC17BF0E64005B4FA3 /* InfoPlist.strings */ = {
			isa = PBXVariantGroup;
			children = (
				009155ED17BF0E64005B4FA3 /* en */,
			);
			name = InfoPlist.strings;
			sourceTree = "<group>";
		};
		0091560A17BF0E64005B4FA3 /* InfoPlist.strings */ = {
			isa = PBXVariantGroup;
			children = (
				0091560B17BF0E64005B4FA3 /* en */,
			);
			name = InfoPlist.strings;
			sourceTree = "<group>";
		};
/* End PBXVariantGroup section */

/* Begin XCBuildConfiguration section */
		0091561017BF0E64005B4FA3 /* Debug */ = {
			isa = XCBuildConfiguration;
			buildSettings = {
				ALWAYS_SEARCH_USER_PATHS = NO;
				CLANG_CXX_LANGUAGE_STANDARD = "gnu++0x";
				CLANG_CXX_LIBRARY = "libc++";
				CLANG_ENABLE_OBJC_ARC = YES;
				CLANG_WARN_CONSTANT_CONVERSION = YES;
				CLANG_WARN_EMPTY_BODY = YES;
				CLANG_WARN_ENUM_CONVERSION = YES;
				CLANG_WARN_INT_CONVERSION = YES;
				CLANG_WARN__DUPLICATE_METHOD_MATCH = YES;
				"CODE_SIGN_IDENTITY[sdk=iphoneos*]" = "iPhone Developer";
				COPY_PHASE_STRIP = NO;
				GCC_C_LANGUAGE_STANDARD = gnu99;
				GCC_DYNAMIC_NO_PIC = NO;
				GCC_OPTIMIZATION_LEVEL = 0;
				GCC_PREPROCESSOR_DEFINITIONS = (
					"DEBUG=1",
					"$(inherited)",
				);
				GCC_SYMBOLS_PRIVATE_EXTERN = NO;
				GCC_WARN_ABOUT_RETURN_TYPE = YES;
				GCC_WARN_UNINITIALIZED_AUTOS = YES;
				GCC_WARN_UNUSED_VARIABLE = YES;
				IPHONEOS_DEPLOYMENT_TARGET = 6.1;
				ONLY_ACTIVE_ARCH = YES;
				SDKROOT = iphoneos;
			};
			name = Debug;
		};
		0091561117BF0E64005B4FA3 /* Release */ = {
			isa = XCBuildConfiguration;
			buildSettings = {
				ALWAYS_SEARCH_USER_PATHS = NO;
				CLANG_CXX_LANGUAGE_STANDARD = "gnu++0x";
				CLANG_CXX_LIBRARY = "libc++";
				CLANG_ENABLE_OBJC_ARC = YES;
				CLANG_WARN_CONSTANT_CONVERSION = YES;
				CLANG_WARN_EMPTY_BODY = YES;
				CLANG_WARN_ENUM_CONVERSION = YES;
				CLANG_WARN_INT_CONVERSION = YES;
				CLANG_WARN__DUPLICATE_METHOD_MATCH = YES;
				"CODE_SIGN_IDENTITY[sdk=iphoneos*]" = "iPhone Developer";
				COPY_PHASE_STRIP = YES;
				GCC_C_LANGUAGE_STANDARD = gnu99;
				GCC_WARN_ABOUT_RETURN_TYPE = YES;
				GCC_WARN_UNINITIALIZED_AUTOS = YES;
				GCC_WARN_UNUSED_VARIABLE = YES;
				IPHONEOS_DEPLOYMENT_TARGET = 6.1;
				OTHER_CFLAGS = "-DNS_BLOCK_ASSERTIONS=1";
				SDKROOT = iphoneos;
				VALIDATE_PRODUCT = YES;
			};
			name = Release;
		};
		0091561317BF0E64005B4FA3 /* Debug */ = {
			isa = XCBuildConfiguration;
			baseConfigurationReference = 0091562717BF1FF0005B4FA3 /* Pods.xcconfig */;
			buildSettings = {
				FRAMEWORK_SEARCH_PATHS = (
					"$(inherited)",
					"\"$(SRCROOT)\"",
				);
				GCC_PRECOMPILE_PREFIX_HEADER = YES;
				GCC_PREFIX_HEADER = "BMTableView/BMTableView-Prefix.pch";
				INFOPLIST_FILE = "BMTableView/BMTableView-Info.plist";
				PRODUCT_NAME = "$(TARGET_NAME)";
				WRAPPER_EXTENSION = app;
			};
			name = Debug;
		};
		0091561417BF0E64005B4FA3 /* Release */ = {
			isa = XCBuildConfiguration;
			baseConfigurationReference = 0091562717BF1FF0005B4FA3 /* Pods.xcconfig */;
			buildSettings = {
				FRAMEWORK_SEARCH_PATHS = (
					"$(inherited)",
					"\"$(SRCROOT)\"",
				);
				GCC_PRECOMPILE_PREFIX_HEADER = YES;
				GCC_PREFIX_HEADER = "BMTableView/BMTableView-Prefix.pch";
				INFOPLIST_FILE = "BMTableView/BMTableView-Info.plist";
				PRODUCT_NAME = "$(TARGET_NAME)";
				WRAPPER_EXTENSION = app;
			};
			name = Release;
		};
		0091561617BF0E64005B4FA3 /* Debug */ = {
			isa = XCBuildConfiguration;
			buildSettings = {
				BUNDLE_LOADER = "$(BUILT_PRODUCTS_DIR)/BMTableView.app/BMTableView";
				FRAMEWORK_SEARCH_PATHS = (
					"\"$(SDKROOT)/Developer/Library/Frameworks\"",
					"\"$(DEVELOPER_LIBRARY_DIR)/Frameworks\"",
				);
				GCC_PRECOMPILE_PREFIX_HEADER = YES;
				GCC_PREFIX_HEADER = "BMTableView/BMTableView-Prefix.pch";
				INFOPLIST_FILE = "BMTableViewTests/BMTableViewTests-Info.plist";
				PRODUCT_NAME = "$(TARGET_NAME)";
				TEST_HOST = "$(BUNDLE_LOADER)";
				WRAPPER_EXTENSION = octest;
			};
			name = Debug;
		};
		0091561717BF0E64005B4FA3 /* Release */ = {
			isa = XCBuildConfiguration;
			buildSettings = {
				BUNDLE_LOADER = "$(BUILT_PRODUCTS_DIR)/BMTableView.app/BMTableView";
				FRAMEWORK_SEARCH_PATHS = (
					"\"$(SDKROOT)/Developer/Library/Frameworks\"",
					"\"$(DEVELOPER_LIBRARY_DIR)/Frameworks\"",
				);
				GCC_PRECOMPILE_PREFIX_HEADER = YES;
				GCC_PREFIX_HEADER = "BMTableView/BMTableView-Prefix.pch";
				INFOPLIST_FILE = "BMTableViewTests/BMTableViewTests-Info.plist";
				PRODUCT_NAME = "$(TARGET_NAME)";
				TEST_HOST = "$(BUNDLE_LOADER)";
				WRAPPER_EXTENSION = octest;
			};
			name = Release;
		};
/* End XCBuildConfiguration section */

/* Begin XCConfigurationList section */
		009155DB17BF0E64005B4FA3 /* Build configuration list for PBXProject "BMTableView" */ = {
			isa = XCConfigurationList;
			buildConfigurations = (
				0091561017BF0E64005B4FA3 /* Debug */,
				0091561117BF0E64005B4FA3 /* Release */,
			);
			defaultConfigurationIsVisible = 0;
			defaultConfigurationName = Release;
		};
		0091561217BF0E64005B4FA3 /* Build configuration list for PBXNativeTarget "BMTableView" */ = {
			isa = XCConfigurationList;
			buildConfigurations = (
				0091561317BF0E64005B4FA3 /* Debug */,
				0091561417BF0E64005B4FA3 /* Release */,
			);
			defaultConfigurationIsVisible = 0;
			defaultConfigurationName = Release;
		};
		0091561517BF0E64005B4FA3 /* Build configuration list for PBXNativeTarget "BMTableViewTests" */ = {
			isa = XCConfigurationList;
			buildConfigurations = (
				0091561617BF0E64005B4FA3 /* Debug */,
				0091561717BF0E64005B4FA3 /* Release */,
			);
			defaultConfigurationIsVisible = 0;
			defaultConfigurationName = Release;
		};
/* End XCConfigurationList section */
	};
	rootObject = 009155D817BF0E64005B4FA3 /* Project object */;
}
